
Microsoft Visual Studio Solution File, Format Version 12.00
# Visual Studio Version 17
VisualStudioVersion = 17.3.32825.248
MinimumVisualStudioVersion = 10.0.40219.1
Project("{9A19103F-16F7-4668-BE54-9A1E7A4F7556}") = "ATM", "ATM\ATM.csproj", "{CFA58D00-BDD5-48D8-85A6-AC111A266890}"
EndProject
Global
	GlobalSection(SolutionConfigurationPlatforms) = preSolution
		Debug|Any CPU = Debug|Any CPU
		Release|Any CPU = Release|Any CPU
	EndGlobalSection
	GlobalSection(ProjectConfigurationPlatforms) = postSolution
		{CFA58D00-BDD5-48D8-85A6-AC111A266890}.Debug|Any CPU.ActiveCfg = Debug|Any CPU
		{CFA58D00-BDD5-48D8-85A6-AC111A266890}.Debug|Any CPU.Build.0 = Debug|Any CPU
		{CFA58D00-BDD5-48D8-85A6-AC111A266890}.Release|Any CPU.ActiveCfg = Release|Any CPU
		{CFA58D00-BDD5-48D8-85A6-AC111A266890}.Release|Any CPU.Build.0 = Release|Any CPU
	EndGlobalSection
	GlobalSection(SolutionProperties) = preSolution
		HideSolutionNode = FALSE
	EndGlobalSection
	GlobalSection(ExtensibilityGlobals) = postSolution
		SolutionGuid = {FCB36CD3-CF74-4B4F-820E-6E06F47FD3B4}
	EndGlobalSection
EndGlobal
