
Microsoft Visual Studio Solution File, Format Version 12.00
# Visual Studio Version 17
VisualStudioVersion = 17.3.32825.248
MinimumVisualStudioVersion = 10.0.40219.1
Project("{FAE04EC0-301F-11D3-BF4B-00C04F79EFBC}") = "Calculator", "Calculator\Calculator.csproj", "{C9DE9F69-314A-4FFE-AA45-7F7A25D70934}"
EndProject
Global
	GlobalSection(SolutionConfigurationPlatforms) = preSolution
		Debug|Any CPU = Debug|Any CPU
		Release|Any CPU = Release|Any CPU
	EndGlobalSection
	GlobalSection(ProjectConfigurationPlatforms) = postSolution
		{C9DE9F69-314A-4FFE-AA45-7F7A25D70934}.Debug|Any CPU.ActiveCfg = Debug|Any CPU
		{C9DE9F69-314A-4FFE-AA45-7F7A25D70934}.Debug|Any CPU.Build.0 = Debug|Any CPU
		{C9DE9F69-314A-4FFE-AA45-7F7A25D70934}.Release|Any CPU.ActiveCfg = Release|Any CPU
		{C9DE9F69-314A-4FFE-AA45-7F7A25D70934}.Release|Any CPU.Build.0 = Release|Any CPU
	EndGlobalSection
	GlobalSection(SolutionProperties) = preSolution
		HideSolutionNode = FALSE
	EndGlobalSection
	GlobalSection(ExtensibilityGlobals) = postSolution
		SolutionGuid = {C83AE408-0858-4756-9E41-2B16336CDEE7}
	EndGlobalSection
EndGlobal
